
Microsoft Visual Studio Solution File, Format Version 12.00
# Visual Studio Version 17
VisualStudioVersion = 17.14.36212.18 d17.14
MinimumVisualStudioVersion = 10.0.40219.1
Project("{FAE04EC0-301F-11D3-BF4B-00C04F79EFBC}") = "ClinicaMedica", "ClinicaMedica.csproj", "{0FCCA28C-5A02-411E-AEB5-93852570A79B}"
EndProject
Global
	GlobalSection(SolutionConfigurationPlatforms) = preSolution
		Debug|Any CPU = Debug|Any CPU
		Release|Any CPU = Release|Any CPU
	EndGlobalSection
	GlobalSection(ProjectConfigurationPlatforms) = postSolution
		{0FCCA28C-5A02-411E-AEB5-93852570A79B}.Debug|Any CPU.ActiveCfg = Debug|Any CPU
		{0FCCA28C-5A02-411E-AEB5-93852570A79B}.Debug|Any CPU.Build.0 = Debug|Any CPU
		{0FCCA28C-5A02-411E-AEB5-93852570A79B}.Release|Any CPU.ActiveCfg = Release|Any CPU
		{0FCCA28C-5A02-411E-AEB5-93852570A79B}.Release|Any CPU.Build.0 = Release|Any CPU
	EndGlobalSection
	GlobalSection(SolutionProperties) = preSolution
		HideSolutionNode = FALSE
	EndGlobalSection
	GlobalSection(ExtensibilityGlobals) = postSolution
		SolutionGuid = {6D2380EF-D854-42C7-8050-0894BD88CD42}
	EndGlobalSection
EndGlobal
